lockfileVersion: '9.0'

settings:
  autoInstallPeers: true
  excludeLinksFromLockfile: false

importers:

  .:
    dependencies:
      oxc-transform:
        specifier: ^0.68.1
        version: 0.68.1
    devDependencies:
      '@types/node':
        specifier: ^22.15.17
        version: 22.15.17

packages:

  '@emnapi/core@1.4.3':
    resolution: {integrity: sha512-4m62DuCE07lw01soJwPiBGC0nAww0Q+RY70VZ+n49yDIO13yyinhbWCeNnaob0lakDtWQzSdtNWzJeOJt2ma+g==}

  '@emnapi/runtime@1.4.3':
    resolution: {integrity: sha512-pBPWdu6MLKROBX05wSNKcNb++m5Er+KQ9QkB+WVM+pW2Kx9hoSrVTnu3BdkI5eBLZoKu/J6mW/B6i6bJB2ytXQ==}

  '@emnapi/wasi-threads@1.0.2':
    resolution: {integrity: sha512-5n3nTJblwRi8LlXkJ9eBzu+kZR8Yxcc7ubakyQTFzPMtIhFpUBRbsnc2Dv88IZDIbCDlBiWrknhB4Lsz7mg6BA==}

  '@napi-rs/wasm-runtime@0.2.9':
    resolution: {integrity: sha512-OKRBiajrrxB9ATokgEQoG87Z25c67pCpYcCwmXYX8PBftC9pBfN18gnm/fh1wurSLEKIAt+QRFLFCQISrb66Jg==}

  '@oxc-transform/binding-darwin-arm64@0.68.1':
    resolution: {integrity: sha512-YlyzH6V/6Ib0dRKQ2dBfcHtsFfijTUNsBo85YxlUd9+eqo0RglTT2BGv+b85Z1dvtOopuz5zEa3x5r/bMwjQdA==}
    engines: {node: '>=14.0.0'}
    cpu: [arm64]
    os: [darwin]

  '@oxc-transform/binding-darwin-x64@0.68.1':
    resolution: {integrity: sha512-NzCwmM8SymtXlftGU5EkLIgeoYoIGejC1Zs234tPNBuoJ9xTW4RVIe67+MV7ePRTUU1oTJSKC+RlIWJ4qvwzdQ==}
    engines: {node: '>=14.0.0'}
    cpu: [x64]
    os: [darwin]

  '@oxc-transform/binding-linux-arm-gnueabihf@0.68.1':
    resolution: {integrity: sha512-jgo1oEAFDR2jcp0BDF5bBRIMS9lyromAh5c9Kv914g8yPi6xMRGJmZkNkdBotjw3v0DG/Q7ECJUCgOABbmj5Lg==}
    engines: {node: '>=14.0.0'}
    cpu: [arm]
    os: [linux]

  '@oxc-transform/binding-linux-arm64-gnu@0.68.1':
    resolution: {integrity: sha512-3ZMKijcDfdtX7SXGLmyRouTGGOlON+poHPXrYAC+iFcKAVDnuoZuo/APZ6n33HQv5CCEijbdFoip8hxxfmvMLw==}
    engines: {node: '>=14.0.0'}
    cpu: [arm64]
    os: [linux]

  '@oxc-transform/binding-linux-arm64-musl@0.68.1':
    resolution: {integrity: sha512-sLsbrUuOxADLMPkzwxA+laDAa1GBIVxCf5UKoEtHwSqBR/v2Kmv5YYs94Hpjeqf8sHl34njRWVs3hGOhYag/cw==}
    engines: {node: '>=14.0.0'}
    cpu: [arm64]
    os: [linux]

  '@oxc-transform/binding-linux-x64-gnu@0.68.1':
    resolution: {integrity: sha512-fcZo4h+9U7mETFIT5kJCFRTuo3X3Iflr82H86pFF0PdZCKdvFiQ29JGDHVhsgj77bP84DdEhGVxBVhvBwpMLlQ==}
    engines: {node: '>=14.0.0'}
    cpu: [x64]
    os: [linux]

  '@oxc-transform/binding-linux-x64-musl@0.68.1':
    resolution: {integrity: sha512-ORwnm9SOyVlDHbOFrATQx9L8OGs87JXbWeXOW4mCEbvFdByd6Ps5MHVDI2bWPAoegCRKKiok1ytZKKLA/WncCQ==}
    engines: {node: '>=14.0.0'}
    cpu: [x64]
    os: [linux]

  '@oxc-transform/binding-wasm32-wasi@0.68.1':
    resolution: {integrity: sha512-j34+k0j508K//mnjSRIU0FMUF6+7fdzDyRT2NwEAgxOx10HGgDQ+SYjBXIljYoL1jrVP0RV53rRm5c9nvranng==}
    engines: {node: '>=14.0.0'}
    cpu: [wasm32]

  '@oxc-transform/binding-win32-arm64-msvc@0.68.1':
    resolution: {integrity: sha512-JFIfZbLr9i939nNXwjJ9j/k7ZJdXIfFjCAbRMhRC0xzMRRbLeCR4W15tn+ixu31nhBLXzaXiiUAnGfwrjI9yPA==}
    engines: {node: '>=14.0.0'}
    cpu: [arm64]
    os: [win32]

  '@oxc-transform/binding-win32-x64-msvc@0.68.1':
    resolution: {integrity: sha512-LkZaBYXFil4K1GS6wgkUVNfVliZANrek1RTwC66vD0KfjTkkzeaibQ5gEk4wvIb3EgntK9mFdYKSSQJmtL5bfQ==}
    engines: {node: '>=14.0.0'}
    cpu: [x64]
    os: [win32]

  '@tybys/wasm-util@0.9.0':
    resolution: {integrity: sha512-6+7nlbMVX/PVDCwaIQ8nTOPveOcFLSt8GcXdx8hD0bt39uWxYT88uXzqTd4fTvqta7oeUJqudepapKNt2DYJFw==}

  '@types/node@22.15.17':
    resolution: {integrity: sha512-wIX2aSZL5FE+MR0JlvF87BNVrtFWf6AE6rxSE9X7OwnVvoyCQjpzSRJ+M87se/4QCkCiebQAqrJ0y6fwIyi7nw==}

  oxc-transform@0.68.1:
    resolution: {integrity: sha512-a3P3cdSp8rUAMmL22QcM1+Hcs12c/0/Gj9brUQfhXARCbxZXDKocVGlXi5BAsqjsQjM5rFMC6ef2HuuQHHN+gA==}
    engines: {node: '>=14.0.0'}

  tslib@2.8.1:
    resolution: {integrity: sha512-oJFu94HQb+KVduSUQL7wnpmqnfmLsOA/nAh6b6EH0wCEoK0/mPeXU6c3wKDV83MkOuHPRHtSXKKU99IBazS/2w==}

  undici-types@6.21.0:
    resolution: {integrity: sha512-iwDZqg0QAGrg9Rav5H4n0M64c3mkR59cJ6wQp+7C4nI0gsmExaedaYLNO44eT4AtBBwjbTiGPMlt2Md0T9H9JQ==}

snapshots:

  '@emnapi/core@1.4.3':
    dependencies:
      '@emnapi/wasi-threads': 1.0.2
      tslib: 2.8.1
    optional: true

  '@emnapi/runtime@1.4.3':
    dependencies:
      tslib: 2.8.1
    optional: true

  '@emnapi/wasi-threads@1.0.2':
    dependencies:
      tslib: 2.8.1
    optional: true

  '@napi-rs/wasm-runtime@0.2.9':
    dependencies:
      '@emnapi/core': 1.4.3
      '@emnapi/runtime': 1.4.3
      '@tybys/wasm-util': 0.9.0
    optional: true

  '@oxc-transform/binding-darwin-arm64@0.68.1':
    optional: true

  '@oxc-transform/binding-darwin-x64@0.68.1':
    optional: true

  '@oxc-transform/binding-linux-arm-gnueabihf@0.68.1':
    optional: true

  '@oxc-transform/binding-linux-arm64-gnu@0.68.1':
    optional: true

  '@oxc-transform/binding-linux-arm64-musl@0.68.1':
    optional: true

  '@oxc-transform/binding-linux-x64-gnu@0.68.1':
    optional: true

  '@oxc-transform/binding-linux-x64-musl@0.68.1':
    optional: true

  '@oxc-transform/binding-wasm32-wasi@0.68.1':
    dependencies:
      '@napi-rs/wasm-runtime': 0.2.9
    optional: true

  '@oxc-transform/binding-win32-arm64-msvc@0.68.1':
    optional: true

  '@oxc-transform/binding-win32-x64-msvc@0.68.1':
    optional: true

  '@tybys/wasm-util@0.9.0':
    dependencies:
      tslib: 2.8.1
    optional: true

  '@types/node@22.15.17':
    dependencies:
      undici-types: 6.21.0

  oxc-transform@0.68.1:
    optionalDependencies:
      '@oxc-transform/binding-darwin-arm64': 0.68.1
      '@oxc-transform/binding-darwin-x64': 0.68.1
      '@oxc-transform/binding-linux-arm-gnueabihf': 0.68.1
      '@oxc-transform/binding-linux-arm64-gnu': 0.68.1
      '@oxc-transform/binding-linux-arm64-musl': 0.68.1
      '@oxc-transform/binding-linux-x64-gnu': 0.68.1
      '@oxc-transform/binding-linux-x64-musl': 0.68.1
      '@oxc-transform/binding-wasm32-wasi': 0.68.1
      '@oxc-transform/binding-win32-arm64-msvc': 0.68.1
      '@oxc-transform/binding-win32-x64-msvc': 0.68.1

  tslib@2.8.1:
    optional: true

  undici-types@6.21.0: {}
